
Microsoft Visual Studio Solution File, Format Version 12.00
# Visual Studio Version 16
VisualStudioVersion = 16.0.30523.141
MinimumVisualStudioVersion = 10.0.40219.1
Project("{FAE04EC0-301F-11D3-BF4B-00C04F79EFBC}") = "MarsRover.Application", "MarsRover.Application\MarsRover.Application.csproj", "{D385777E-E38C-4527-AE17-FE554C9843E2}"
EndProject
Project("{FAE04EC0-301F-11D3-BF4B-00C04F79EFBC}") = "MarsRover.Domain", "MarsRover.Domain\MarsRover.Domain.csproj", "{5C612DA7-C059-4BDC-95B7-C936E9315D73}"
EndProject
Project("{FAE04EC0-301F-11D3-BF4B-00C04F79EFBC}") = "MarsRover.Test", "MarsRover.Test\MarsRover.Test.csproj", "{B41C2BF0-64B9-470A-8995-3555B01B0EFB}"
EndProject
Global
	GlobalSection(SolutionConfigurationPlatforms) = preSolution
		Debug|Any CPU = Debug|Any CPU
		Release|Any CPU = Release|Any CPU
	EndGlobalSection
	GlobalSection(ProjectConfigurationPlatforms) = postSolution
		{D385777E-E38C-4527-AE17-FE554C9843E2}.Debug|Any CPU.ActiveCfg = Debug|Any CPU
		{D385777E-E38C-4527-AE17-FE554C9843E2}.Debug|Any CPU.Build.0 = Debug|Any CPU
		{D385777E-E38C-4527-AE17-FE554C9843E2}.Release|Any CPU.ActiveCfg = Release|Any CPU
		{D385777E-E38C-4527-AE17-FE554C9843E2}.Release|Any CPU.Build.0 = Release|Any CPU
		{5C612DA7-C059-4BDC-95B7-C936E9315D73}.Debug|Any CPU.ActiveCfg = Debug|Any CPU
		{5C612DA7-C059-4BDC-95B7-C936E9315D73}.Debug|Any CPU.Build.0 = Debug|Any CPU
		{5C612DA7-C059-4BDC-95B7-C936E9315D73}.Release|Any CPU.ActiveCfg = Release|Any CPU
		{5C612DA7-C059-4BDC-95B7-C936E9315D73}.Release|Any CPU.Build.0 = Release|Any CPU
		{B41C2BF0-64B9-470A-8995-3555B01B0EFB}.Debug|Any CPU.ActiveCfg = Debug|Any CPU
		{B41C2BF0-64B9-470A-8995-3555B01B0EFB}.Debug|Any CPU.Build.0 = Debug|Any CPU
		{B41C2BF0-64B9-470A-8995-3555B01B0EFB}.Release|Any CPU.ActiveCfg = Release|Any CPU
		{B41C2BF0-64B9-470A-8995-3555B01B0EFB}.Release|Any CPU.Build.0 = Release|Any CPU
	EndGlobalSection
	GlobalSection(SolutionProperties) = preSolution
		HideSolutionNode = FALSE
	EndGlobalSection
	GlobalSection(ExtensibilityGlobals) = postSolution
		SolutionGuid = {7781201A-23B9-43BD-A9DE-4244139CB8D5}
	EndGlobalSection
EndGlobal
